{
  "requires": true,
  "lockfileVersion": 1,
  "dependencies": {
    "@sabaki/gtp": {
      "version": "3.0.0",
      "resolved": "https://registry.npmjs.org/@sabaki/gtp/-/gtp-3.0.0.tgz",
      "integrity": "sha512-faMAB9pTz2lIPUQz0dNV5IcA+bagRZYldGdCr7/Bl7dqJ3A/4FkspqrcTkM1LgZZ0xctbQRKedkpqhkORitw6A=="
    }
  }
}
